{
  "name": "@dotdotpublic/frontend",
  "version": "1.0.2",
  "lockfileVersion": 2,
  "requires": true,
  "packages": {
    "": {
      "name": "@dotdotpublic/frontend",
      "version": "1.0.2",
      "license": "ISC",
      "dependencies": {
        "@dotdotpublic/frontend": "^1.0.2"
      }
    },
    "node_modules/@dotdotpublic/frontend": {
      "version": "1.0.2",
      "resolved": "https://npm.pkg.github.com/download/@dotdotpublic/frontend/1.0.2/cc1f434f41f99cb2e56f35938a11f7807e3307a3",
      "integrity": "sha512-V/fiBEl7iUZY2LamWk+J25uFeOiwDyFJ7oh+Q7uz1+NfZ0KmMBuZDbhAkef6m9u6cvDIfZhexA69Or4odvKqmg==",
      "license": "ISC"
    }
  },
  "dependencies": {
    "@dotdotpublic/frontend": {
      "version": "1.0.2",
      "resolved": "https://npm.pkg.github.com/download/@dotdotpublic/frontend/1.0.2/cc1f434f41f99cb2e56f35938a11f7807e3307a3",
      "integrity": "sha512-V/fiBEl7iUZY2LamWk+J25uFeOiwDyFJ7oh+Q7uz1+NfZ0KmMBuZDbhAkef6m9u6cvDIfZhexA69Or4odvKqmg=="
    }
  }
}
